
Microsoft Visual Studio Solution File, Format Version 12.00
# Visual Studio Version 17
VisualStudioVersion = 17.8.34330.188
MinimumVisualStudioVersion = 10.0.40219.1
Project("{9A19103F-16F7-4668-BE54-9A1E7A4F7556}") = "Alpha_API", "Alpha_API.csproj", "{7EB0347A-D9A1-437D-90D7-29ECE129F8F0}"
EndProject
Global
	GlobalSection(SolutionConfigurationPlatforms) = preSolution
		Debug|Any CPU = Debug|Any CPU
		Release|Any CPU = Release|Any CPU
	EndGlobalSection
	GlobalSection(ProjectConfigurationPlatforms) = postSolution
		{7EB0347A-D9A1-437D-90D7-29ECE129F8F0}.Debug|Any CPU.ActiveCfg = Debug|Any CPU
		{7EB0347A-D9A1-437D-90D7-29ECE129F8F0}.Debug|Any CPU.Build.0 = Debug|Any CPU
		{7EB0347A-D9A1-437D-90D7-29ECE129F8F0}.Release|Any CPU.ActiveCfg = Release|Any CPU
		{7EB0347A-D9A1-437D-90D7-29ECE129F8F0}.Release|Any CPU.Build.0 = Release|Any CPU
	EndGlobalSection
	GlobalSection(SolutionProperties) = preSolution
		HideSolutionNode = FALSE
	EndGlobalSection
	GlobalSection(ExtensibilityGlobals) = postSolution
		SolutionGuid = {08FF61D3-C9F3-4409-9B45-23621FCFC32F}
	EndGlobalSection
EndGlobal
